{
  "version": "3",
  "redirects": {
    "https://deno.land/std/http/server.ts": "https://deno.land/std@0.224.0/http/server.ts"
  },
  "remote": {
    "https://deno.land/std@0.224.0/async/delay.ts": "f90dd685b97c2f142b8069082993e437b1602b8e2561134827eeb7c12b95c499",
    "https://deno.land/std@0.224.0/http/server.ts": "f9313804bf6467a1704f45f76cb6cd0a3396a3b31c316035e6a4c2035d1ea514"
  },
  "workspace": {
    "packageJson": {
      "dependencies": [
        "npm:@radix-ui/themes@^3.1.3",
        "npm:@tabler/icons-react@^3.17.0",
        "npm:@types/node@^20",
        "npm:@types/react-dom@^18",
        "npm:@types/react@^18",
        "npm:eslint-config-next@14.2.11",
        "npm:eslint@^8",
        "npm:next-themes@^0.3.0",
        "npm:next@14.2.11",
        "npm:postcss@^8",
        "npm:react-dom@^18",
        "npm:react@^18",
        "npm:tailwindcss@^3.4.1",
        "npm:typescript@^5"
      ]
    }
  }
}
